github.com/ipoluianov/gomisc v0.0.20 h1:TBD+YsSnDtGKXWk9ZjNOjLcAxXWrr54THwQPtWIN+PE=
github.com/ipoluianov/gomisc v0.0.20/go.mod h1:3rlYbwz/L3LSguP2M+Png08EAWoXFxPXJ65uLhweiiU=
github.com/ipoluianov/xchg v0.0.15 h1:Of6VUpd6YxTQgsflbiwarjcjwZ7HU7oQz1vORH5jjQs=
github.com/ipoluianov/xchg v0.0.15/go.mod h1:WHxEhs+CClZ0m3f0FGzaXR94wKsNoCp43IHTjPvw8iI=
