github.com/ipoluianov/gomisc v0.0.20 h1:TBD+YsSnDtGKXWk9ZjNOjLcAxXWrr54THwQPtWIN+PE=
github.com/ipoluianov/gomisc v0.0.20/go.mod h1:3rlYbwz/L3LSguP2M+Png08EAWoXFxPXJ65uLhweiiU=
github.com/ipoluianov/xchg v0.0.38 h1:1AhhwioEg6lfzv+OQ5M4P3mg8ckd+7fxhifm90ARtpA=
github.com/ipoluianov/xchg v0.0.38/go.mod h1:WHxEhs+CClZ0m3f0FGzaXR94wKsNoCp43IHTjPvw8iI=
