github.com/ipoluianov/gomisc v0.0.20 h1:TBD+YsSnDtGKXWk9ZjNOjLcAxXWrr54THwQPtWIN+PE=
github.com/ipoluianov/gomisc v0.0.20/go.mod h1:3rlYbwz/L3LSguP2M+Png08EAWoXFxPXJ65uLhweiiU=
github.com/ipoluianov/xchg v0.0.19 h1:V7+cOQub6Hl6a3xl2ZNrXFqKFXOZNmOFn2uPIRoWZPo=
github.com/ipoluianov/xchg v0.0.19/go.mod h1:WHxEhs+CClZ0m3f0FGzaXR94wKsNoCp43IHTjPvw8iI=
